
Microsoft Visual Studio Solution File, Format Version 12.00
# Visual Studio Version 16
VisualStudioVersion = 16.0.32413.511
MinimumVisualStudioVersion = 10.0.40219.1
Project("{9A19103F-16F7-4668-BE54-9A1E7A4F7556}") = "DiscordBot", "Discord Bot\DiscordBot.csproj", "{7956C4F0-7A4C-45DE-A8E4-80B274A938EA}"
EndProject
Global
	GlobalSection(SolutionConfigurationPlatforms) = preSolution
		Debug|Any CPU = Debug|Any CPU
		Release|Any CPU = Release|Any CPU
	EndGlobalSection
	GlobalSection(ProjectConfigurationPlatforms) = postSolution
		{7956C4F0-7A4C-45DE-A8E4-80B274A938EA}.Debug|Any CPU.ActiveCfg = Debug|Any CPU
		{7956C4F0-7A4C-45DE-A8E4-80B274A938EA}.Debug|Any CPU.Build.0 = Debug|Any CPU
		{7956C4F0-7A4C-45DE-A8E4-80B274A938EA}.Release|Any CPU.ActiveCfg = Release|Any CPU
		{7956C4F0-7A4C-45DE-A8E4-80B274A938EA}.Release|Any CPU.Build.0 = Release|Any CPU
	EndGlobalSection
	GlobalSection(SolutionProperties) = preSolution
		HideSolutionNode = FALSE
	EndGlobalSection
	GlobalSection(ExtensibilityGlobals) = postSolution
		SolutionGuid = {E187045A-FD10-48F2-B550-EA5B746FBF4F}
	EndGlobalSection
EndGlobal
